
Microsoft Visual Studio Solution File, Format Version 12.00
# Visual Studio Version 17
VisualStudioVersion = 17.3.32901.215
MinimumVisualStudioVersion = 10.0.40219.1
Project("{9A19103F-16F7-4668-BE54-9A1E7A4F7556}") = "M Senko Import", "M Senko Import\M Senko Import.csproj", "{3D65F829-6619-4C17-8334-8232555C2159}"
EndProject
Project("{FAE04EC0-301F-11D3-BF4B-00C04F79EFBC}") = "DAL", "DAL\DAL.csproj", "{DC587C73-0987-4274-98F9-E9AA65397BD8}"
EndProject
Global
	GlobalSection(SolutionConfigurationPlatforms) = preSolution
		Debug|Any CPU = Debug|Any CPU
		Release|Any CPU = Release|Any CPU
	EndGlobalSection
	GlobalSection(ProjectConfigurationPlatforms) = postSolution
		{3D65F829-6619-4C17-8334-8232555C2159}.Debug|Any CPU.ActiveCfg = Debug|Any CPU
		{3D65F829-6619-4C17-8334-8232555C2159}.Debug|Any CPU.Build.0 = Debug|Any CPU
		{3D65F829-6619-4C17-8334-8232555C2159}.Release|Any CPU.ActiveCfg = Release|Any CPU
		{3D65F829-6619-4C17-8334-8232555C2159}.Release|Any CPU.Build.0 = Release|Any CPU
		{DC587C73-0987-4274-98F9-E9AA65397BD8}.Debug|Any CPU.ActiveCfg = Debug|Any CPU
		{DC587C73-0987-4274-98F9-E9AA65397BD8}.Debug|Any CPU.Build.0 = Debug|Any CPU
		{DC587C73-0987-4274-98F9-E9AA65397BD8}.Release|Any CPU.ActiveCfg = Release|Any CPU
		{DC587C73-0987-4274-98F9-E9AA65397BD8}.Release|Any CPU.Build.0 = Release|Any CPU
	EndGlobalSection
	GlobalSection(SolutionProperties) = preSolution
		HideSolutionNode = FALSE
	EndGlobalSection
	GlobalSection(ExtensibilityGlobals) = postSolution
		SolutionGuid = {3B7B970B-FE5F-414F-8D08-DABE8D3B636A}
	EndGlobalSection
EndGlobal
